
Microsoft Visual Studio Solution File, Format Version 12.00
# Visual Studio Version 17
VisualStudioVersion = 17.8.34330.188
MinimumVisualStudioVersion = 10.0.40219.1
Project("{FAE04EC0-301F-11D3-BF4B-00C04F79EFBC}") = "BancoDeSangue.API", "BancoDeSangue.API\BancoDeSangue.API.csproj", "{52E5370F-E93D-45BD-9916-DC182C1773C7}"
EndProject
Global
	GlobalSection(SolutionConfigurationPlatforms) = preSolution
		Debug|Any CPU = Debug|Any CPU
		Release|Any CPU = Release|Any CPU
	EndGlobalSection
	GlobalSection(ProjectConfigurationPlatforms) = postSolution
		{52E5370F-E93D-45BD-9916-DC182C1773C7}.Debug|Any CPU.ActiveCfg = Debug|Any CPU
		{52E5370F-E93D-45BD-9916-DC182C1773C7}.Debug|Any CPU.Build.0 = Debug|Any CPU
		{52E5370F-E93D-45BD-9916-DC182C1773C7}.Release|Any CPU.ActiveCfg = Release|Any CPU
		{52E5370F-E93D-45BD-9916-DC182C1773C7}.Release|Any CPU.Build.0 = Release|Any CPU
	EndGlobalSection
	GlobalSection(SolutionProperties) = preSolution
		HideSolutionNode = FALSE
	EndGlobalSection
	GlobalSection(ExtensibilityGlobals) = postSolution
		SolutionGuid = {74A7B8F4-EA03-4782-9172-5603CA8112DA}
	EndGlobalSection
EndGlobal
